
Microsoft Visual Studio Solution File, Format Version 12.00
# Visual Studio Version 16
VisualStudioVersion = 16.0.29613.14
MinimumVisualStudioVersion = 10.0.40219.1
Project("{FAE04EC0-301F-11D3-BF4B-00C04F79EFBC}") = "TulleTracker", "TulleTracker\TulleTracker.csproj", "{9A9371CA-E0F0-4D50-8648-8C92FA1CFD2A}"
EndProject
Global
	GlobalSection(SolutionConfigurationPlatforms) = preSolution
		Debug|Any CPU = Debug|Any CPU
		Release|Any CPU = Release|Any CPU
	EndGlobalSection
	GlobalSection(ProjectConfigurationPlatforms) = postSolution
		{9A9371CA-E0F0-4D50-8648-8C92FA1CFD2A}.Debug|Any CPU.ActiveCfg = Debug|Any CPU
		{9A9371CA-E0F0-4D50-8648-8C92FA1CFD2A}.Debug|Any CPU.Build.0 = Debug|Any CPU
		{9A9371CA-E0F0-4D50-8648-8C92FA1CFD2A}.Release|Any CPU.ActiveCfg = Release|Any CPU
		{9A9371CA-E0F0-4D50-8648-8C92FA1CFD2A}.Release|Any CPU.Build.0 = Release|Any CPU
	EndGlobalSection
	GlobalSection(SolutionProperties) = preSolution
		HideSolutionNode = FALSE
	EndGlobalSection
	GlobalSection(ExtensibilityGlobals) = postSolution
		SolutionGuid = {9FEB1C45-0B13-4E34-8198-E2E1AE6B037F}
	EndGlobalSection
EndGlobal
